
Microsoft Visual Studio Solution File, Format Version 12.00
# Visual Studio 15
VisualStudioVersion = 15.0.27703.2026
MinimumVisualStudioVersion = 10.0.40219.1
Project("{FAE04EC0-301F-11D3-BF4B-00C04F79EFBC}") = "POOVueling", "POOVueling\POOVueling.csproj", "{ACDF0A57-2842-49EF-AADB-45E3F0C658C3}"
EndProject
Project("{FAE04EC0-301F-11D3-BF4B-00C04F79EFBC}") = "POOVueling.Integration.Tests", "POOVueling.Integration.Tests\POOVueling.Integration.Tests.csproj", "{78DC8C25-258E-4A45-9D91-653FCE3FA301}"
EndProject
Global
	GlobalSection(SolutionConfigurationPlatforms) = preSolution
		Debug|Any CPU = Debug|Any CPU
		Release|Any CPU = Release|Any CPU
	EndGlobalSection
	GlobalSection(ProjectConfigurationPlatforms) = postSolution
		{ACDF0A57-2842-49EF-AADB-45E3F0C658C3}.Debug|Any CPU.ActiveCfg = Debug|Any CPU
		{ACDF0A57-2842-49EF-AADB-45E3F0C658C3}.Debug|Any CPU.Build.0 = Debug|Any CPU
		{ACDF0A57-2842-49EF-AADB-45E3F0C658C3}.Release|Any CPU.ActiveCfg = Release|Any CPU
		{ACDF0A57-2842-49EF-AADB-45E3F0C658C3}.Release|Any CPU.Build.0 = Release|Any CPU
		{78DC8C25-258E-4A45-9D91-653FCE3FA301}.Debug|Any CPU.ActiveCfg = Debug|Any CPU
		{78DC8C25-258E-4A45-9D91-653FCE3FA301}.Debug|Any CPU.Build.0 = Debug|Any CPU
		{78DC8C25-258E-4A45-9D91-653FCE3FA301}.Release|Any CPU.ActiveCfg = Release|Any CPU
		{78DC8C25-258E-4A45-9D91-653FCE3FA301}.Release|Any CPU.Build.0 = Release|Any CPU
	EndGlobalSection
	GlobalSection(SolutionProperties) = preSolution
		HideSolutionNode = FALSE
	EndGlobalSection
	GlobalSection(ExtensibilityGlobals) = postSolution
		SolutionGuid = {AE604E1F-881C-4767-BA58-BE8F6A468057}
	EndGlobalSection
EndGlobal
